{
  "name": "016-trois8",
  "version": "0.0.0",
  "lockfileVersion": 1,
  "requires": true,
  "dependencies": {
    "@babel/helper-validator-identifier": {
      "version": "7.12.11",
      "resolved": "https://registry.npmjs.org/@babel/helper-validator-identifier/-/helper-validator-identifier-7.12.11.tgz",
      "integrity": "sha512-np/lG3uARFybkoHokJUmf1QfEvRVCPbmQeUQpKow5cQ3xWrV9i3rUHodKDJPQfTVX61qKi+UdYk8kik84n7XOw=="
    },
    "@babel/parser": {
      "version": "7.13.10",
      "resolved": "https://registry.npmjs.org/@babel/parser/-/parser-7.13.10.tgz",
      "integrity": "sha512-0s7Mlrw9uTWkYua7xWr99Wpk2bnGa0ANleKfksYAES8LpWH4gW1OUr42vqKNf0us5UQNfru2wPqMqRITzq/SIQ=="
    },
    "@babel/types": {
      "version": "7.13.0",
      "resolved": "https://registry.npmjs.org/@babel/types/-/types-7.13.0.tgz",
      "integrity": "sha512-hE+HE8rnG1Z6Wzo+MhaKE5lM5eMx71T4EHJgku2E3xIfaULhDcxiiRxUYgwX8qwP1BBSlag+TdGOt6JAidIZTA==",
      "requires": {
        "@babel/helper-validator-identifier": "^7.12.11",
        "lodash": "^4.17.19",
        "to-fast-properties": "^2.0.0"
      }
    },
    "@choojs/findup": {
      "version": "0.2.1",
      "resolved": "https://registry.npmjs.org/@choojs/findup/-/findup-0.2.1.tgz",
      "integrity": "sha512-YstAqNb0MCN8PjdLCDfRsBcGVRN41f3vgLvaI0IrIcBp4AqILRSS0DeWNGkicC+f/zRIPJLc+9RURVSepwvfBw==",
      "dev": true,
      "requires": {
        "commander": "^2.15.1"
      }
    },
    "@vitejs/plugin-vue": {
      "version": "1.1.5",
      "resolved": "https://registry.npmjs.org/@vitejs/plugin-vue/-/plugin-vue-1.1.5.tgz",
      "integrity": "sha512-4DV8VPYo8/OR1YsnK39QN16xhKENt2XvcmJxqfRtyz75kvbjBYh1zTSHLp7XsXqv4R2I+fOZlbEBvxosMYLcPA==",
      "dev": true
    },
    "@vue/compiler-core": {
      "version": "3.0.7",
      "resolved": "https://registry.npmjs.org/@vue/compiler-core/-/compiler-core-3.0.7.tgz",
      "integrity": "sha512-JFohgBXoyUc3mdeI2WxlhjQZ5fakfemJkZHX8Gu/nFbEg3+lKVUZmNKWmmnp9aOzJQZKoj77LjmFxiP+P+7lMQ==",
      "requires": {
        "@babel/parser": "^7.12.0",
        "@babel/types": "^7.12.0",
        "@vue/shared": "3.0.7",
        "estree-walker": "^2.0.1",
        "source-map": "^0.6.1"
      },
      "dependencies": {
        "estree-walker": {
          "version": "2.0.2",
          "resolved": "https://registry.npmjs.org/estree-walker/-/estree-walker-2.0.2.tgz",
          "integrity": "sha512-Rfkk/Mp/DL7JVje3u18FxFujQlTNR2q6QfMSMB7AvCBx91NGj/ba3kCfza0f6dVDbw7YlRf/nDrn7pQrCCyQ/w=="
        }
      }
    },
    "@vue/compiler-dom": {
      "version": "3.0.7",
      "resolved": "https://registry.npmjs.org/@vue/compiler-dom/-/compiler-dom-3.0.7.tgz",
      "integrity": "sha512-VnIH9EbWQm/Tkcp+8dCaNVsVvhm/vxCrIKWRkXY9215hTqOqQOvejT8IMjd2kc++nIsYMsdQk6H9qqBvoLe/Cw==",
      "requires": {
        "@vue/compiler-core": "3.0.7",
        "@vue/shared": "3.0.7"
      }
    },
    "@vue/compiler-sfc": {
      "version": "3.0.7",
      "resolved": "https://registry.npmjs.org/@vue/compiler-sfc/-/compiler-sfc-3.0.7.tgz",
      "integrity": "sha512-37/QILpGE+J3V+bP9Slg9e6xGqfk+MmS2Yj8ChR4fS0/qWUU/YoYHE0GPIzjmBdH0JVOOmJqunxowIXmqNiHng==",
      "dev": true,
      "requires": {
        "@babel/parser": "^7.12.0",
        "@babel/types": "^7.12.0",
        "@vue/compiler-core": "3.0.7",
        "@vue/compiler-dom": "3.0.7",
        "@vue/compiler-ssr": "3.0.7",
        "@vue/shared": "3.0.7",
        "consolidate": "^0.16.0",
        "estree-walker": "^2.0.1",
        "hash-sum": "^2.0.0",
        "lru-cache": "^5.1.1",
        "magic-string": "^0.25.7",
        "merge-source-map": "^1.1.0",
        "postcss": "^8.1.10",
        "postcss-modules": "^4.0.0",
        "postcss-selector-parser": "^6.0.4",
        "source-map": "^0.6.1"
      },
      "dependencies": {
        "estree-walker": {
          "version": "2.0.2",
          "resolved": "https://registry.npmjs.org/estree-walker/-/estree-walker-2.0.2.tgz",
          "integrity": "sha512-Rfkk/Mp/DL7JVje3u18FxFujQlTNR2q6QfMSMB7AvCBx91NGj/ba3kCfza0f6dVDbw7YlRf/nDrn7pQrCCyQ/w==",
          "dev": true
        }
      }
    },
    "@vue/compiler-ssr": {
      "version": "3.0.7",
      "resolved": "https://registry.npmjs.org/@vue/compiler-ssr/-/compiler-ssr-3.0.7.tgz",
      "integrity": "sha512-nHRbHeSpfXwjypettjrA16TjgfDcPEwq3m/zHnGyLC1QqdLtklXmpSM43/CPwwTCRa/qdt0pldJf22MiCEuTSQ==",
      "dev": true,
      "requires": {
        "@vue/compiler-dom": "3.0.7",
        "@vue/shared": "3.0.7"
      }
    },
    "@vue/reactivity": {
      "version": "3.0.7",
      "resolved": "https://registry.npmjs.org/@vue/reactivity/-/reactivity-3.0.7.tgz",
      "integrity": "sha512-FotWcNNaKhqpFZrdgsUOZ1enlJ5lhTt01CNTtLSyK7jYFgZBTuw8vKsEutZKDYZ1XKotOfoeO8N3pZQqmM6Etw==",
      "requires": {
        "@vue/shared": "3.0.7"
      }
    },
    "@vue/runtime-core": {
      "version": "3.0.7",
      "resolved": "https://registry.npmjs.org/@vue/runtime-core/-/runtime-core-3.0.7.tgz",
      "integrity": "sha512-DBAZAwVvdmMXuyd6/9qqj/kYr/GaLTmn1L2/QLxLwP+UfhIboiTSBc/tUUb8MRk7Bb98GzNeAWkkT6AfooS3dQ==",
      "requires": {
        "@vue/reactivity": "3.0.7",
        "@vue/shared": "3.0.7"
      }
    },
    "@vue/runtime-dom": {
      "version": "3.0.7",
      "resolved": "https://registry.npmjs.org/@vue/runtime-dom/-/runtime-dom-3.0.7.tgz",
      "integrity": "sha512-Oij4ruOtnpQpCj+/Q3JPzgpTJ1Q7+N67pA53A8KVITEtxfvKL46NN6dhAZ5NGqwX6RWZpYqWQNewITeF0pHr8g==",
      "requires": {
        "@vue/runtime-core": "3.0.7",
        "@vue/shared": "3.0.7",
        "csstype": "^2.6.8"
      }
    },
    "@vue/shared": {
      "version": "3.0.7",
      "resolved": "https://registry.npmjs.org/@vue/shared/-/shared-3.0.7.tgz",
      "integrity": "sha512-dn5FyfSc4ky424jH4FntiHno7Ss5yLkqKNmM/NXwANRnlkmqu74pnGetexDFVG5phMk9/FhwovUZCWGxsotVKg=="
    },
    "acorn": {
      "version": "7.4.1",
      "resolved": "https://registry.npmjs.org/acorn/-/acorn-7.4.1.tgz",
      "integrity": "sha512-nQyp0o1/mNdbTO1PO6kHkwSrmgZ0MT/jCCpNiwbUjGoRN4dlBhqJtoQuCnEOKzgTVwg0ZWiCoQy6SxMebQVh8A==",
      "dev": true
    },
    "anymatch": {
      "version": "3.1.1",
      "resolved": "https://registry.npmjs.org/anymatch/-/anymatch-3.1.1.tgz",
      "integrity": "sha512-mM8522psRCqzV+6LhomX5wgp25YVibjh8Wj23I5RPkPppSVSjyKD2A2mBJmWGa+KN7f2D6LNh9jkBCeyLktzjg==",
      "dev": true,
      "requires": {
        "normalize-path": "^3.0.0",
        "picomatch": "^2.0.4"
      }
    },
    "big.js": {
      "version": "5.2.2",
      "resolved": "https://registry.npmjs.org/big.js/-/big.js-5.2.2.tgz",
      "integrity": "sha512-vyL2OymJxmarO8gxMr0mhChsO9QGwhynfuu4+MHTAW6czfq9humCB7rKpUjDd9YUiDPU4mzpyupFSvOClAwbmQ==",
      "dev": true
    },
    "binary-extensions": {
      "version": "2.2.0",
      "resolved": "https://registry.npmjs.org/binary-extensions/-/binary-extensions-2.2.0.tgz",
      "integrity": "sha512-jDctJ/IVQbZoJykoeHbhXpOlNBqGNcwXJKJog42E5HDPUwQTSdjCHdihjj0DlnheQ7blbT6dHOafNAiS8ooQKA==",
      "dev": true
    },
    "bl": {
      "version": "2.2.1",
      "resolved": "https://registry.npmjs.org/bl/-/bl-2.2.1.tgz",
      "integrity": "sha512-6Pesp1w0DEX1N550i/uGV/TqucVL4AM/pgThFSN/Qq9si1/DF9aIHs1BxD8V/QU0HoeHO6cQRTAuYnLPKq1e4g==",
      "dev": true,
      "requires": {
        "readable-stream": "^2.3.5",
        "safe-buffer": "^5.1.1"
      }
    },
    "bluebird": {
      "version": "3.7.2",
      "resolved": "https://registry.npmjs.org/bluebird/-/bluebird-3.7.2.tgz",
      "integrity": "sha512-XpNj6GDQzdfW+r2Wnn7xiSAd7TM3jzkxGXBGTtWKuSXv1xUV+azxAm8jdWZN06QTQk+2N2XB9jRDkvbmQmcRtg==",
      "dev": true
    },
    "braces": {
      "version": "3.0.2",
      "resolved": "https://registry.npmjs.org/braces/-/braces-3.0.2.tgz",
      "integrity": "sha512-b8um+L1RzM3WDSzvhm6gIz1yfTbBt6YTlcEKAvsmqCZZFw46z626lVj9j1yEPW33H5H+lBQpZMP1k8l+78Ha0A==",
      "dev": true,
      "requires": {
        "fill-range": "^7.0.1"
      }
    },
    "buffer-from": {
      "version": "1.1.1",
      "resolved": "https://registry.npmjs.org/buffer-from/-/buffer-from-1.1.1.tgz",
      "integrity": "sha512-MQcXEUbCKtEo7bhqEs6560Hyd4XaovZlO/k9V3hjVUF/zwW7KBVdSK4gIt/bzwS9MbR5qob+F5jusZsb0YQK2A==",
      "dev": true
    },
    "chokidar": {
      "version": "3.5.1",
      "resolved": "https://registry.npmjs.org/chokidar/-/chokidar-3.5.1.tgz",
      "integrity": "sha512-9+s+Od+W0VJJzawDma/gvBNQqkTiqYTWLuZoyAsivsI4AaWTCzHG06/TMjsf1cYe9Cb97UCEhjz7HvnPk2p/tw==",
      "dev": true,
      "requires": {
        "anymatch": "~3.1.1",
        "braces": "~3.0.2",
        "fsevents": "~2.3.1",
        "glob-parent": "~5.1.0",
        "is-binary-path": "~2.1.0",
        "is-glob": "~4.0.1",
        "normalize-path": "~3.0.0",
        "readdirp": "~3.5.0"
      }
    },
    "colorette": {
      "version": "1.2.2",
      "resolved": "https://registry.npmjs.org/colorette/-/colorette-1.2.2.tgz",
      "integrity": "sha512-MKGMzyfeuutC/ZJ1cba9NqcNpfeqMUcYmyF1ZFY6/Cn7CNSAKx6a+s48sqLqyAiZuaP2TcqMhoo+dlwFnVxT9w==",
      "dev": true
    },
    "commander": {
      "version": "2.20.3",
      "resolved": "https://registry.npmjs.org/commander/-/commander-2.20.3.tgz",
      "integrity": "sha512-GpVkmM8vF2vQUkj2LvZmD35JxeJOLCwJ9cUkugyk2nuhbv3+mJvpLYYt+0+USMxE+oj+ey/lJEnhZw75x/OMcQ==",
      "dev": true
    },
    "concat-stream": {
      "version": "1.6.2",
      "resolved": "https://registry.npmjs.org/concat-stream/-/concat-stream-1.6.2.tgz",
      "integrity": "sha512-27HBghJxjiZtIk3Ycvn/4kbJk/1uZuJFfuPEns6LaEvpvG1f0hTea8lilrouyo9mVc2GWdcEZ8OLoGmSADlrCw==",
      "dev": true,
      "requires": {
        "buffer-from": "^1.0.0",
        "inherits": "^2.0.3",
        "readable-stream": "^2.2.2",
        "typedarray": "^0.0.6"
      }
    },
    "consolidate": {
      "version": "0.16.0",
      "resolved": "https://registry.npmjs.org/consolidate/-/consolidate-0.16.0.tgz",
      "integrity": "sha512-Nhl1wzCslqXYTJVDyJCu3ODohy9OfBMB5uD2BiBTzd7w+QY0lBzafkR8y8755yMYHAaMD4NuzbAw03/xzfw+eQ==",
      "dev": true,
      "requires": {
        "bluebird": "^3.7.2"
      }
    },
    "core-util-is": {
      "version": "1.0.2",
      "resolved": "https://registry.npmjs.org/core-util-is/-/core-util-is-1.0.2.tgz",
      "integrity": "sha1-tf1UIgqivFq1eqtxQMlAdUUDwac=",
      "dev": true
    },
    "cssesc": {
      "version": "3.0.0",
      "resolved": "https://registry.npmjs.org/cssesc/-/cssesc-3.0.0.tgz",
      "integrity": "sha512-/Tb/JcjK111nNScGob5MNtsntNM1aCNUDipB/TkwZFhyDrrE47SOx/18wF2bbjgc3ZzCSKW1T5nt5EbFoAz/Vg==",
      "dev": true
    },
    "csstype": {
      "version": "2.6.16",
      "resolved": "https://registry.npmjs.org/csstype/-/csstype-2.6.16.tgz",
      "integrity": "sha512-61FBWoDHp/gRtsoDkq/B1nWrCUG/ok1E3tUrcNbZjsE9Cxd9yzUirjS3+nAATB8U4cTtaQmAHbNndoFz5L6C9Q=="
    },
    "deep-is": {
      "version": "0.1.3",
      "resolved": "https://registry.npmjs.org/deep-is/-/deep-is-0.1.3.tgz",
      "integrity": "sha1-s2nW+128E+7PUk+RsHD+7cNXzzQ=",
      "dev": true
    },
    "duplexify": {
      "version": "3.7.1",
      "resolved": "https://registry.npmjs.org/duplexify/-/duplexify-3.7.1.tgz",
      "integrity": "sha512-07z8uv2wMyS51kKhD1KsdXJg5WQ6t93RneqRxUHnskXVtlYYkLqM0gqStQZ3pj073g687jPCHrqNfCzawLYh5g==",
      "dev": true,
      "requires": {
        "end-of-stream": "^1.0.0",
        "inherits": "^2.0.1",
        "readable-stream": "^2.0.0",
        "stream-shift": "^1.0.0"
      }
    },
    "emojis-list": {
      "version": "3.0.0",
      "resolved": "https://registry.npmjs.org/emojis-list/-/emojis-list-3.0.0.tgz",
      "integrity": "sha512-/kyM18EfinwXZbno9FyUGeFh87KC8HRQBQGildHZbEuRyWFOmv1U10o9BBp8XVZDVNNuQKyIGIu5ZYAAXJ0V2Q==",
      "dev": true
    },
    "end-of-stream": {
      "version": "1.4.4",
      "resolved": "https://registry.npmjs.org/end-of-stream/-/end-of-stream-1.4.4.tgz",
      "integrity": "sha512-+uw1inIHVPQoaVuHzRyXd21icM+cnt4CzD5rW+NC1wjOUSTOs+Te7FOv7AhN7vS9x/oIyhLP5PR1H+phQAHu5Q==",
      "dev": true,
      "requires": {
        "once": "^1.4.0"
      }
    },
    "esbuild": {
      "version": "0.8.57",
      "resolved": "https://registry.npmjs.org/esbuild/-/esbuild-0.8.57.tgz",
      "integrity": "sha512-j02SFrUwFTRUqiY0Kjplwjm1psuzO1d6AjaXKuOR9hrY0HuPsT6sV42B6myW34h1q4CRy+Y3g4RU/cGJeI/nNA==",
      "dev": true
    },
    "escodegen": {
      "version": "1.14.3",
      "resolved": "https://registry.npmjs.org/escodegen/-/escodegen-1.14.3.tgz",
      "integrity": "sha512-qFcX0XJkdg+PB3xjZZG/wKSuT1PnQWx57+TVSjIMmILd2yC/6ByYElPwJnslDsuWuSAp4AwJGumarAAmJch5Kw==",
      "dev": true,
      "requires": {
        "esprima": "^4.0.1",
        "estraverse": "^4.2.0",
        "esutils": "^2.0.2",
        "optionator": "^0.8.1",
        "source-map": "~0.6.1"
      }
    },
    "esprima": {
      "version": "4.0.1",
      "resolved": "https://registry.npmjs.org/esprima/-/esprima-4.0.1.tgz",
      "integrity": "sha512-eGuFFw7Upda+g4p+QHvnW0RyTX/SVeJBDM/gCtMARO0cLuT2HcEKnTPvhjV6aGeqrCB/sbNop0Kszm0jsaWU4A==",
      "dev": true
    },
    "estraverse": {
      "version": "4.3.0",
      "resolved": "https://registry.npmjs.org/estraverse/-/estraverse-4.3.0.tgz",
      "integrity": "sha512-39nnKffWz8xN1BU/2c79n9nB9HDzo0niYUqx6xyqUnyoAnQyyWpOTdZEeiCch8BBu515t4wp9ZmgVfVhn9EBpw==",
      "dev": true
    },
    "estree-walker": {
      "version": "0.6.1",
      "resolved": "https://registry.npmjs.org/estree-walker/-/estree-walker-0.6.1.tgz",
      "integrity": "sha512-SqmZANLWS0mnatqbSfRP5g8OXZC12Fgg1IwNtLsyHDzJizORW4khDfjPqJZsemPWBB2uqykUah5YpQ6epsqC/w==",
      "dev": true
    },
    "esutils": {
      "version": "2.0.3",
      "resolved": "https://registry.npmjs.org/esutils/-/esutils-2.0.3.tgz",
      "integrity": "sha512-kVscqXk4OCp68SZ0dkgEKVi6/8ij300KBWTJq32P/dYeWTSwK41WyTxalN1eRmA5Z9UU/LX9D7FWSmV9SAYx6g==",
      "dev": true
    },
    "events": {
      "version": "3.3.0",
      "resolved": "https://registry.npmjs.org/events/-/events-3.3.0.tgz",
      "integrity": "sha512-mQw+2fkQbALzQ7V0MY0IqdnXNOeTtP4r0lN9z7AAawCXgqea7bDii20AYrIBrFd/Hx0M2Ocz6S111CaFkUcb0Q==",
      "dev": true
    },
    "falafel": {
      "version": "2.2.4",
      "resolved": "https://registry.npmjs.org/falafel/-/falafel-2.2.4.tgz",
      "integrity": "sha512-0HXjo8XASWRmsS0X1EkhwEMZaD3Qvp7FfURwjLKjG1ghfRm/MGZl2r4cWUTv41KdNghTw4OUMmVtdGQp3+H+uQ==",
      "dev": true,
      "requires": {
        "acorn": "^7.1.1",
        "foreach": "^2.0.5",
        "isarray": "^2.0.1",
        "object-keys": "^1.0.6"
      },
      "dependencies": {
        "isarray": {
          "version": "2.0.5",
          "resolved": "https://registry.npmjs.org/isarray/-/isarray-2.0.5.tgz",
          "integrity": "sha512-xHjhDr3cNBK0BzdUJSPXZntQUx/mwMS5Rw4A7lPJ90XGAO6ISP/ePDNuo0vhqOZU+UD5JoodwCAAoZQd3FeAKw==",
          "dev": true
        }
      }
    },
    "fast-levenshtein": {
      "version": "2.0.6",
      "resolved": "https://registry.npmjs.org/fast-levenshtein/-/fast-levenshtein-2.0.6.tgz",
      "integrity": "sha1-PYpcZog6FqMMqGQ+hR8Zuqd5eRc=",
      "dev": true
    },
    "fill-range": {
      "version": "7.0.1",
      "resolved": "https://registry.npmjs.org/fill-range/-/fill-range-7.0.1.tgz",
      "integrity": "sha512-qOo9F+dMUmC2Lcb4BbVvnKJxTPjCm+RRpe4gDuGrzkL7mEVl/djYSu2OdQ2Pa302N4oqkSg9ir6jaLWJ2USVpQ==",
      "dev": true,
      "requires": {
        "to-regex-range": "^5.0.1"
      }
    },
    "foreach": {
      "version": "2.0.5",
      "resolved": "https://registry.npmjs.org/foreach/-/foreach-2.0.5.tgz",
      "integrity": "sha1-C+4AUBiusmDQo6865ljdATbsG5k=",
      "dev": true
    },
    "from2": {
      "version": "2.3.0",
      "resolved": "https://registry.npmjs.org/from2/-/from2-2.3.0.tgz",
      "integrity": "sha1-i/tVAr3kpNNs/e6gB/zKIdfjgq8=",
      "dev": true,
      "requires": {
        "inherits": "^2.0.1",
        "readable-stream": "^2.0.0"
      }
    },
    "fsevents": {
      "version": "2.3.2",
      "resolved": "https://registry.npmjs.org/fsevents/-/fsevents-2.3.2.tgz",
      "integrity": "sha512-xiqMQR4xAeHTuB9uWm+fFRcIOgKBMiOBP+eXiyT7jsgVCq1bkVygt00oASowB7EdtpOHaaPgKt812P9ab+DDKA==",
      "dev": true,
      "optional": true
    },
    "function-bind": {
      "version": "1.1.1",
      "resolved": "https://registry.npmjs.org/function-bind/-/function-bind-1.1.1.tgz",
      "integrity": "sha512-yIovAzMX49sF8Yl58fSCWJ5svSLuaibPxXQJFLmBObTuCr0Mf1KiPopGM9NiFjiYBCbfaa2Fh6breQ6ANVTI0A==",
      "dev": true
    },
    "generic-names": {
      "version": "2.0.1",
      "resolved": "https://registry.npmjs.org/generic-names/-/generic-names-2.0.1.tgz",
      "integrity": "sha512-kPCHWa1m9wGG/OwQpeweTwM/PYiQLrUIxXbt/P4Nic3LbGjCP0YwrALHW1uNLKZ0LIMg+RF+XRlj2ekT9ZlZAQ==",
      "dev": true,
      "requires": {
        "loader-utils": "^1.1.0"
      }
    },
    "glob-parent": {
      "version": "5.1.2",
      "resolved": "https://registry.npmjs.org/glob-parent/-/glob-parent-5.1.2.tgz",
      "integrity": "sha512-AOIgSQCepiJYwP3ARnGx+5VnTu2HBYdzbGP45eLw1vr3zB3vZLeyed1sC9hnbcOc9/SrMyM5RPQrkGz4aS9Zow==",
      "dev": true,
      "requires": {
        "is-glob": "^4.0.1"
      }
    },
    "glsl-inject-defines": {
      "version": "1.0.3",
      "resolved": "https://registry.npmjs.org/glsl-inject-defines/-/glsl-inject-defines-1.0.3.tgz",
      "integrity": "sha1-3RqswsF/yyvT/DJBHGYz0Ne2D9Q=",
      "dev": true,
      "requires": {
        "glsl-token-inject-block": "^1.0.0",
        "glsl-token-string": "^1.0.1",
        "glsl-tokenizer": "^2.0.2"
      }
    },
    "glsl-resolve": {
      "version": "0.0.1",
      "resolved": "https://registry.npmjs.org/glsl-resolve/-/glsl-resolve-0.0.1.tgz",
      "integrity": "sha1-iUvvc5ENeSyBtRQxgANdCnivdtM=",
      "dev": true,
      "requires": {
        "resolve": "^0.6.1",
        "xtend": "^2.1.2"
      },
      "dependencies": {
        "resolve": {
          "version": "0.6.3",
          "resolved": "https://registry.npmjs.org/resolve/-/resolve-0.6.3.tgz",
          "integrity": "sha1-3ZV5gufnNt699TtYpN2RdUV13UY=",
          "dev": true
        },
        "xtend": {
          "version": "2.2.0",
          "resolved": "https://registry.npmjs.org/xtend/-/xtend-2.2.0.tgz",
          "integrity": "sha1-7vax8ZjByN6vrYsXZaBNrUoBxak=",
          "dev": true
        }
      }
    },
    "glsl-token-assignments": {
      "version": "2.0.2",
      "resolved": "https://registry.npmjs.org/glsl-token-assignments/-/glsl-token-assignments-2.0.2.tgz",
      "integrity": "sha1-pdgqt4SZwuimuDy2lJXm5mXOAZ8=",
      "dev": true
    },
    "glsl-token-defines": {
      "version": "1.0.0",
      "resolved": "https://registry.npmjs.org/glsl-token-defines/-/glsl-token-defines-1.0.0.tgz",
      "integrity": "sha1-y4kqqVmTYjFyhHDU90AySJaX+p0=",
      "dev": true,
      "requires": {
        "glsl-tokenizer": "^2.0.0"
      }
    },
    "glsl-token-depth": {
      "version": "1.1.2",
      "resolved": "https://registry.npmjs.org/glsl-token-depth/-/glsl-token-depth-1.1.2.tgz",
      "integrity": "sha1-I8XjDuK9JViEtKKLyFC495HpXYQ=",
      "dev": true
    },
    "glsl-token-descope": {
      "version": "1.0.2",
      "resolved": "https://registry.npmjs.org/glsl-token-descope/-/glsl-token-descope-1.0.2.tgz",
      "integrity": "sha1-D8kKsyYYa4L1l7LnfcniHvzTIHY=",
      "dev": true,
      "requires": {
        "glsl-token-assignments": "^2.0.0",
        "glsl-token-depth": "^1.1.0",
        "glsl-token-properties": "^1.0.0",
        "glsl-token-scope": "^1.1.0"
      }
    },
    "glsl-token-inject-block": {
      "version": "1.1.0",
      "resolved": "https://registry.npmjs.org/glsl-token-inject-block/-/glsl-token-inject-block-1.1.0.tgz",
      "integrity": "sha1-4QFfWYDBCRgkraomJfHf3ovQADQ=",
      "dev": true
    },
    "glsl-token-properties": {
      "version": "1.0.1",
      "resolved": "https://registry.npmjs.org/glsl-token-properties/-/glsl-token-properties-1.0.1.tgz",
      "integrity": "sha1-SD3D2Dnw1LXGFx0VkfJJvlPCip4=",
      "dev": true
    },
    "glsl-token-scope": {
      "version": "1.1.2",
      "resolved": "https://registry.npmjs.org/glsl-token-scope/-/glsl-token-scope-1.1.2.tgz",
      "integrity": "sha1-oXKOeN8kRE+cuT/RjvD3VQOmQ7E=",
      "dev": true
    },
    "glsl-token-string": {
      "version": "1.0.1",
      "resolved": "https://registry.npmjs.org/glsl-token-string/-/glsl-token-string-1.0.1.tgz",
      "integrity": "sha1-WUQdL4V958NEnJRWZgIezjWOSOw=",
      "dev": true
    },
    "glsl-token-whitespace-trim": {
      "version": "1.0.0",
      "resolved": "https://registry.npmjs.org/glsl-token-whitespace-trim/-/glsl-token-whitespace-trim-1.0.0.tgz",
      "integrity": "sha1-RtHf6Yx1vX1QTAXX0RsbPpzJOxA=",
      "dev": true
    },
    "glsl-tokenizer": {
      "version": "2.1.5",
      "resolved": "https://registry.npmjs.org/glsl-tokenizer/-/glsl-tokenizer-2.1.5.tgz",
      "integrity": "sha512-XSZEJ/i4dmz3Pmbnpsy3cKh7cotvFlBiZnDOwnj/05EwNp2XrhQ4XKJxT7/pDt4kp4YcpRSKz8eTV7S+mwV6MA==",
      "dev": true,
      "requires": {
        "through2": "^0.6.3"
      },
      "dependencies": {
        "isarray": {
          "version": "0.0.1",
          "resolved": "https://registry.npmjs.org/isarray/-/isarray-0.0.1.tgz",
          "integrity": "sha1-ihis/Kmo9Bd+Cav8YDiTmwXR7t8=",
          "dev": true
        },
        "readable-stream": {
          "version": "1.0.34",
          "resolved": "https://registry.npmjs.org/readable-stream/-/readable-stream-1.0.34.tgz",
          "integrity": "sha1-Elgg40vIQtLyqq+v5MKRbuMsFXw=",
          "dev": true,
          "requires": {
            "core-util-is": "~1.0.0",
            "inherits": "~2.0.1",
            "isarray": "0.0.1",
            "string_decoder": "~0.10.x"
          }
        },
        "string_decoder": {
          "version": "0.10.31",
          "resolved": "https://registry.npmjs.org/string_decoder/-/string_decoder-0.10.31.tgz",
          "integrity": "sha1-YuIDvEF2bGwoyfyEMB2rHFMQ+pQ=",
          "dev": true
        },
        "through2": {
          "version": "0.6.5",
          "resolved": "https://registry.npmjs.org/through2/-/through2-0.6.5.tgz",
          "integrity": "sha1-QaucZ7KdVyCQcUEOHXp6lozTrUg=",
          "dev": true,
          "requires": {
            "readable-stream": ">=1.0.33-1 <1.1.0-0",
            "xtend": ">=4.0.0 <4.1.0-0"
          }
        }
      }
    },
    "glslify": {
      "version": "7.1.1",
      "resolved": "https://registry.npmjs.org/glslify/-/glslify-7.1.1.tgz",
      "integrity": "sha512-bud98CJ6kGZcP9Yxcsi7Iz647wuDz3oN+IZsjCRi5X1PI7t/xPKeL0mOwXJjo+CRZMqvq0CkSJiywCcY7kVYog==",
      "dev": true,
      "requires": {
        "bl": "^2.2.1",
        "concat-stream": "^1.5.2",
        "duplexify": "^3.4.5",
        "falafel": "^2.1.0",
        "from2": "^2.3.0",
        "glsl-resolve": "0.0.1",
        "glsl-token-whitespace-trim": "^1.0.0",
        "glslify-bundle": "^5.0.0",
        "glslify-deps": "^1.2.5",
        "minimist": "^1.2.5",
        "resolve": "^1.1.5",
        "stack-trace": "0.0.9",
        "static-eval": "^2.0.5",
        "through2": "^2.0.1",
        "xtend": "^4.0.0"
      }
    },
    "glslify-bundle": {
      "version": "5.1.1",
      "resolved": "https://registry.npmjs.org/glslify-bundle/-/glslify-bundle-5.1.1.tgz",
      "integrity": "sha512-plaAOQPv62M1r3OsWf2UbjN0hUYAB7Aph5bfH58VxJZJhloRNbxOL9tl/7H71K7OLJoSJ2ZqWOKk3ttQ6wy24A==",
      "dev": true,
      "requires": {
        "glsl-inject-defines": "^1.0.1",
        "glsl-token-defines": "^1.0.0",
        "glsl-token-depth": "^1.1.1",
        "glsl-token-descope": "^1.0.2",
        "glsl-token-scope": "^1.1.1",
        "glsl-token-string": "^1.0.1",
        "glsl-token-whitespace-trim": "^1.0.0",
        "glsl-tokenizer": "^2.0.2",
        "murmurhash-js": "^1.0.0",
        "shallow-copy": "0.0.1"
      }
    },
    "glslify-deps": {
      "version": "1.3.2",
      "resolved": "https://registry.npmjs.org/glslify-deps/-/glslify-deps-1.3.2.tgz",
      "integrity": "sha512-7S7IkHWygJRjcawveXQjRXLO2FTjijPDYC7QfZyAQanY+yGLCFHYnPtsGT9bdyHiwPTw/5a1m1M9hamT2aBpag==",
      "dev": true,
      "requires": {
        "@choojs/findup": "^0.2.0",
        "events": "^3.2.0",
        "glsl-resolve": "0.0.1",
        "glsl-tokenizer": "^2.0.0",
        "graceful-fs": "^4.1.2",
        "inherits": "^2.0.1",
        "map-limit": "0.0.1",
        "resolve": "^1.0.0"
      }
    },
    "graceful-fs": {
      "version": "4.2.6",
      "resolved": "https://registry.npmjs.org/graceful-fs/-/graceful-fs-4.2.6.tgz",
      "integrity": "sha512-nTnJ528pbqxYanhpDYsi4Rd8MAeaBA67+RZ10CM1m3bTAVFEDcd5AuA4a6W5YkGZ1iNXHzZz8T6TBKLeBuNriQ==",
      "dev": true
    },
    "has": {
      "version": "1.0.3",
      "resolved": "https://registry.npmjs.org/has/-/has-1.0.3.tgz",
      "integrity": "sha512-f2dvO0VU6Oej7RkWJGrehjbzMAjFp5/VKPp5tTpWIV4JHHZK1/BxbFRtf/siA2SWTe09caDmVtYYzWEIbBS4zw==",
      "dev": true,
      "requires": {
        "function-bind": "^1.1.1"
      }
    },
    "hash-sum": {
      "version": "2.0.0",
      "resolved": "https://registry.npmjs.org/hash-sum/-/hash-sum-2.0.0.tgz",
      "integrity": "sha512-WdZTbAByD+pHfl/g9QSsBIIwy8IT+EsPiKDs0KNX+zSHhdDLFKdZu0BQHljvO+0QI/BasbMSUa8wYNCZTvhslg==",
      "dev": true
    },
    "icss-replace-symbols": {
      "version": "1.1.0",
      "resolved": "https://registry.npmjs.org/icss-replace-symbols/-/icss-replace-symbols-1.1.0.tgz",
      "integrity": "sha1-Bupvg2ead0njhs/h/oEq5dsiPe0=",
      "dev": true
    },
    "icss-utils": {
      "version": "5.1.0",
      "resolved": "https://registry.npmjs.org/icss-utils/-/icss-utils-5.1.0.tgz",
      "integrity": "sha512-soFhflCVWLfRNOPU3iv5Z9VUdT44xFRbzjLsEzSr5AQmgqPMTHdU3PMT1Cf1ssx8fLNJDA1juftYl+PUcv3MqA==",
      "dev": true
    },
    "indexes-of": {
      "version": "1.0.1",
      "resolved": "https://registry.npmjs.org/indexes-of/-/indexes-of-1.0.1.tgz",
      "integrity": "sha1-8w9xbI4r00bHtn0985FVZqfAVgc=",
      "dev": true
    },
    "inherits": {
      "version": "2.0.4",
      "resolved": "https://registry.npmjs.org/inherits/-/inherits-2.0.4.tgz",
      "integrity": "sha512-k/vGaX4/Yla3WzyMCvTQOXYeIHvqOKtnqBduzTHpzpQZzAskKMhZ2K+EnBiSM9zGSoIFeMpXKxa4dYeZIQqewQ==",
      "dev": true
    },
    "is-binary-path": {
      "version": "2.1.0",
      "resolved": "https://registry.npmjs.org/is-binary-path/-/is-binary-path-2.1.0.tgz",
      "integrity": "sha512-ZMERYes6pDydyuGidse7OsHxtbI7WVeUEozgR/g7rd0xUimYNlvZRE/K2MgZTjWy725IfelLeVcEM97mmtRGXw==",
      "dev": true,
      "requires": {
        "binary-extensions": "^2.0.0"
      }
    },
    "is-core-module": {
      "version": "2.2.0",
      "resolved": "https://registry.npmjs.org/is-core-module/-/is-core-module-2.2.0.tgz",
      "integrity": "sha512-XRAfAdyyY5F5cOXn7hYQDqh2Xmii+DEfIcQGxK/uNwMHhIkPWO0g8msXcbzLe+MpGoR951MlqM/2iIlU4vKDdQ==",
      "dev": true,
      "requires": {
        "has": "^1.0.3"
      }
    },
    "is-extglob": {
      "version": "2.1.1",
      "resolved": "https://registry.npmjs.org/is-extglob/-/is-extglob-2.1.1.tgz",
      "integrity": "sha1-qIwCU1eR8C7TfHahueqXc8gz+MI=",
      "dev": true
    },
    "is-glob": {
      "version": "4.0.1",
      "resolved": "https://registry.npmjs.org/is-glob/-/is-glob-4.0.1.tgz",
      "integrity": "sha512-5G0tKtBTFImOqDnLB2hG6Bp2qcKEFduo4tZu9MT/H6NQv/ghhy30o55ufafxJ/LdH79LLs2Kfrn85TLKyA7BUg==",
      "dev": true,
      "requires": {
        "is-extglob": "^2.1.1"
      }
    },
    "is-number": {
      "version": "7.0.0",
      "resolved": "https://registry.npmjs.org/is-number/-/is-number-7.0.0.tgz",
      "integrity": "sha512-41Cifkg6e8TylSpdtTpeLVMqvSBEVzTttHvERD741+pnZ8ANv0004MRL43QKPDlK9cGvNp6NZWZUBlbGXYxxng==",
      "dev": true
    },
    "isarray": {
      "version": "1.0.0",
      "resolved": "https://registry.npmjs.org/isarray/-/isarray-1.0.0.tgz",
      "integrity": "sha1-u5NdSFgsuhaMBoNJV6VKPgcSTxE=",
      "dev": true
    },
    "json5": {
      "version": "1.0.1",
      "resolved": "https://registry.npmjs.org/json5/-/json5-1.0.1.tgz",
      "integrity": "sha512-aKS4WQjPenRxiQsC93MNfjx+nbF4PAdYzmd/1JIj8HYzqfbu86beTuNgXDzPknWk0n0uARlyewZo4s++ES36Ow==",
      "dev": true,
      "requires": {
        "minimist": "^1.2.0"
      }
    },
    "levn": {
      "version": "0.3.0",
      "resolved": "https://registry.npmjs.org/levn/-/levn-0.3.0.tgz",
      "integrity": "sha1-OwmSTt+fCDwEkP3UwLxEIeBHZO4=",
      "dev": true,
      "requires": {
        "prelude-ls": "~1.1.2",
        "type-check": "~0.3.2"
      }
    },
    "loader-utils": {
      "version": "1.4.0",
      "resolved": "https://registry.npmjs.org/loader-utils/-/loader-utils-1.4.0.tgz",
      "integrity": "sha512-qH0WSMBtn/oHuwjy/NucEgbx5dbxxnxup9s4PVXJUDHZBQY+s0NWA9rJf53RBnQZxfch7euUui7hpoAPvALZdA==",
      "dev": true,
      "requires": {
        "big.js": "^5.2.2",
        "emojis-list": "^3.0.0",
        "json5": "^1.0.1"
      }
    },
    "lodash": {
      "version": "4.17.21",
      "resolved": "https://registry.npmjs.org/lodash/-/lodash-4.17.21.tgz",
      "integrity": "sha512-v2kDEe57lecTulaDIuNTPy3Ry4gLGJ6Z1O3vE1krgXZNrsQ+LFTGHVxVjcXPs17LhbZVGedAJv8XZ1tvj5FvSg=="
    },
    "lodash.camelcase": {
      "version": "4.3.0",
      "resolved": "https://registry.npmjs.org/lodash.camelcase/-/lodash.camelcase-4.3.0.tgz",
      "integrity": "sha1-soqmKIorn8ZRA1x3EfZathkDMaY=",
      "dev": true
    },
    "lru-cache": {
      "version": "5.1.1",
      "resolved": "https://registry.npmjs.org/lru-cache/-/lru-cache-5.1.1.tgz",
      "integrity": "sha512-KpNARQA3Iwv+jTA0utUVVbrh+Jlrr1Fv0e56GGzAFOXN7dk/FviaDW8LHmK52DlcH4WP2n6gI8vN1aesBFgo9w==",
      "dev": true,
      "requires": {
        "yallist": "^3.0.2"
      }
    },
    "magic-string": {
      "version": "0.25.7",
      "resolved": "https://registry.npmjs.org/magic-string/-/magic-string-0.25.7.tgz",
      "integrity": "sha512-4CrMT5DOHTDk4HYDlzmwu4FVCcIYI8gauveasrdCu2IKIFOJ3f0v/8MDGJCDL9oD2ppz/Av1b0Nj345H9M+XIA==",
      "dev": true,
      "requires": {
        "sourcemap-codec": "^1.4.4"
      }
    },
    "map-limit": {
      "version": "0.0.1",
      "resolved": "https://registry.npmjs.org/map-limit/-/map-limit-0.0.1.tgz",
      "integrity": "sha1-63lhAxwPDo0AG/LVb6toXViCLzg=",
      "dev": true,
      "requires": {
        "once": "~1.3.0"
      },
      "dependencies": {
        "once": {
          "version": "1.3.3",
          "resolved": "https://registry.npmjs.org/once/-/once-1.3.3.tgz",
          "integrity": "sha1-suJhVXzkwxTsgwTz+oJmPkKXyiA=",
          "dev": true,
          "requires": {
            "wrappy": "1"
          }
        }
      }
    },
    "merge-source-map": {
      "version": "1.1.0",
      "resolved": "https://registry.npmjs.org/merge-source-map/-/merge-source-map-1.1.0.tgz",
      "integrity": "sha512-Qkcp7P2ygktpMPh2mCQZaf3jhN6D3Z/qVZHSdWvQ+2Ef5HgRAPBO57A77+ENm0CPx2+1Ce/MYKi3ymqdfuqibw==",
      "dev": true,
      "requires": {
        "source-map": "^0.6.1"
      }
    },
    "minimist": {
      "version": "1.2.5",
      "resolved": "https://registry.npmjs.org/minimist/-/minimist-1.2.5.tgz",
      "integrity": "sha512-FM9nNUYrRBAELZQT3xeZQ7fmMOBg6nWNmJKTcgsJeaLstP/UODVpGsr5OhXhhXg6f+qtJ8uiZ+PUxkDWcgIXLw==",
      "dev": true
    },
    "murmurhash-js": {
      "version": "1.0.0",
      "resolved": "https://registry.npmjs.org/murmurhash-js/-/murmurhash-js-1.0.0.tgz",
      "integrity": "sha1-sGJ44h/Gw3+lMTcysEEry2rhX1E=",
      "dev": true
    },
    "nanoid": {
      "version": "3.1.21",
      "resolved": "https://registry.npmjs.org/nanoid/-/nanoid-3.1.21.tgz",
      "integrity": "sha512-A6oZraK4DJkAOICstsGH98dvycPr/4GGDH7ZWKmMdd3vGcOurZ6JmWFUt0DA5bzrrn2FrUjmv6mFNWvv8jpppA==",
      "dev": true
    },
    "normalize-path": {
      "version": "3.0.0",
      "resolved": "https://registry.npmjs.org/normalize-path/-/normalize-path-3.0.0.tgz",
      "integrity": "sha512-6eZs5Ls3WtCisHWp9S2GUy8dqkpGi4BVSz3GaqiE6ezub0512ESztXUwUB6C6IKbQkY2Pnb/mD4WYojCRwcwLA==",
      "dev": true
    },
    "object-keys": {
      "version": "1.1.1",
      "resolved": "https://registry.npmjs.org/object-keys/-/object-keys-1.1.1.tgz",
      "integrity": "sha512-NuAESUOUMrlIXOfHKzD6bpPu3tYt3xvjNdRIQ+FeT0lNb4K8WR70CaDxhuNguS2XG+GjkyMwOzsN5ZktImfhLA==",
      "dev": true
    },
    "once": {
      "version": "1.4.0",
      "resolved": "https://registry.npmjs.org/once/-/once-1.4.0.tgz",
      "integrity": "sha1-WDsap3WWHUsROsF9nFC6753Xa9E=",
      "dev": true,
      "requires": {
        "wrappy": "1"
      }
    },
    "optionator": {
      "version": "0.8.3",
      "resolved": "https://registry.npmjs.org/optionator/-/optionator-0.8.3.tgz",
      "integrity": "sha512-+IW9pACdk3XWmmTXG8m3upGUJst5XRGzxMRjXzAuJ1XnIFNvfhjjIuYkDvysnPQ7qzqVzLt78BCruntqRhWQbA==",
      "dev": true,
      "requires": {
        "deep-is": "~0.1.3",
        "fast-levenshtein": "~2.0.6",
        "levn": "~0.3.0",
        "prelude-ls": "~1.1.2",
        "type-check": "~0.3.2",
        "word-wrap": "~1.2.3"
      }
    },
    "path-parse": {
      "version": "1.0.6",
      "resolved": "https://registry.npmjs.org/path-parse/-/path-parse-1.0.6.tgz",
      "integrity": "sha512-GSmOT2EbHrINBf9SR7CDELwlJ8AENk3Qn7OikK4nFYAu3Ote2+JYNVvkpAEQm3/TLNEJFD/xZJjzyxg3KBWOzw==",
      "dev": true
    },
    "picomatch": {
      "version": "2.2.2",
      "resolved": "https://registry.npmjs.org/picomatch/-/picomatch-2.2.2.tgz",
      "integrity": "sha512-q0M/9eZHzmr0AulXyPwNfZjtwZ/RBZlbN3K3CErVrk50T2ASYI7Bye0EvekFY3IP1Nt2DHu0re+V2ZHIpMkuWg==",
      "dev": true
    },
    "postcss": {
      "version": "8.2.8",
      "resolved": "https://registry.npmjs.org/postcss/-/postcss-8.2.8.tgz",
      "integrity": "sha512-1F0Xb2T21xET7oQV9eKuctbM9S7BC0fetoHCc4H13z0PT6haiRLP4T0ZY4XWh7iLP0usgqykT6p9B2RtOf4FPw==",
      "dev": true,
      "requires": {
        "colorette": "^1.2.2",
        "nanoid": "^3.1.20",
        "source-map": "^0.6.1"
      }
    },
    "postcss-modules": {
      "version": "4.0.0",
      "resolved": "https://registry.npmjs.org/postcss-modules/-/postcss-modules-4.0.0.tgz",
      "integrity": "sha512-ghS/ovDzDqARm4Zj6L2ntadjyQMoyJmi0JkLlYtH2QFLrvNlxH5OAVRPWPeKilB0pY7SbuhO173KOWkPAxRJcw==",
      "dev": true,
      "requires": {
        "generic-names": "^2.0.1",
        "icss-replace-symbols": "^1.1.0",
        "lodash.camelcase": "^4.3.0",
        "postcss-modules-extract-imports": "^3.0.0",
        "postcss-modules-local-by-default": "^4.0.0",
        "postcss-modules-scope": "^3.0.0",
        "postcss-modules-values": "^4.0.0",
        "string-hash": "^1.1.1"
      }
    },
    "postcss-modules-extract-imports": {
      "version": "3.0.0",
      "resolved": "https://registry.npmjs.org/postcss-modules-extract-imports/-/postcss-modules-extract-imports-3.0.0.tgz",
      "integrity": "sha512-bdHleFnP3kZ4NYDhuGlVK+CMrQ/pqUm8bx/oGL93K6gVwiclvX5x0n76fYMKuIGKzlABOy13zsvqjb0f92TEXw==",
      "dev": true
    },
    "postcss-modules-local-by-default": {
      "version": "4.0.0",
      "resolved": "https://registry.npmjs.org/postcss-modules-local-by-default/-/postcss-modules-local-by-default-4.0.0.tgz",
      "integrity": "sha512-sT7ihtmGSF9yhm6ggikHdV0hlziDTX7oFoXtuVWeDd3hHObNkcHRo9V3yg7vCAY7cONyxJC/XXCmmiHHcvX7bQ==",
      "dev": true,
      "requires": {
        "icss-utils": "^5.0.0",
        "postcss-selector-parser": "^6.0.2",
        "postcss-value-parser": "^4.1.0"
      }
    },
    "postcss-modules-scope": {
      "version": "3.0.0",
      "resolved": "https://registry.npmjs.org/postcss-modules-scope/-/postcss-modules-scope-3.0.0.tgz",
      "integrity": "sha512-hncihwFA2yPath8oZ15PZqvWGkWf+XUfQgUGamS4LqoP1anQLOsOJw0vr7J7IwLpoY9fatA2qiGUGmuZL0Iqlg==",
      "dev": true,
      "requires": {
        "postcss-selector-parser": "^6.0.4"
      }
    },
    "postcss-modules-values": {
      "version": "4.0.0",
      "resolved": "https://registry.npmjs.org/postcss-modules-values/-/postcss-modules-values-4.0.0.tgz",
      "integrity": "sha512-RDxHkAiEGI78gS2ofyvCsu7iycRv7oqw5xMWn9iMoR0N/7mf9D50ecQqUo5BZ9Zh2vH4bCUR/ktCqbB9m8vJjQ==",
      "dev": true,
      "requires": {
        "icss-utils": "^5.0.0"
      }
    },
    "postcss-selector-parser": {
      "version": "6.0.4",
      "resolved": "https://registry.npmjs.org/postcss-selector-parser/-/postcss-selector-parser-6.0.4.tgz",
      "integrity": "sha512-gjMeXBempyInaBqpp8gODmwZ52WaYsVOsfr4L4lDQ7n3ncD6mEyySiDtgzCT+NYC0mmeOLvtsF8iaEf0YT6dBw==",
      "dev": true,
      "requires": {
        "cssesc": "^3.0.0",
        "indexes-of": "^1.0.1",
        "uniq": "^1.0.1",
        "util-deprecate": "^1.0.2"
      }
    },
    "postcss-value-parser": {
      "version": "4.1.0",
      "resolved": "https://registry.npmjs.org/postcss-value-parser/-/postcss-value-parser-4.1.0.tgz",
      "integrity": "sha512-97DXOFbQJhk71ne5/Mt6cOu6yxsSfM0QGQyl0L25Gca4yGWEGJaig7l7gbCX623VqTBNGLRLaVUCnNkcedlRSQ==",
      "dev": true
    },
    "prelude-ls": {
      "version": "1.1.2",
      "resolved": "https://registry.npmjs.org/prelude-ls/-/prelude-ls-1.1.2.tgz",
      "integrity": "sha1-IZMqVJ9eUv/ZqCf1cOBL5iqX2lQ=",
      "dev": true
    },
    "process-nextick-args": {
      "version": "2.0.1",
      "resolved": "https://registry.npmjs.org/process-nextick-args/-/process-nextick-args-2.0.1.tgz",
      "integrity": "sha512-3ouUOpQhtgrbOa17J7+uxOTpITYWaGP7/AhoR3+A+/1e9skrzelGi/dXzEYyvbxubEF6Wn2ypscTKiKJFFn1ag==",
      "dev": true
    },
    "readable-stream": {
      "version": "2.3.7",
      "resolved": "https://registry.npmjs.org/readable-stream/-/readable-stream-2.3.7.tgz",
      "integrity": "sha512-Ebho8K4jIbHAxnuxi7o42OrZgF/ZTNcsZj6nRKyUmkhLFq8CHItp/fy6hQZuZmP/n3yZ9VBUbp4zz/mX8hmYPw==",
      "dev": true,
      "requires": {
        "core-util-is": "~1.0.0",
        "inherits": "~2.0.3",
        "isarray": "~1.0.0",
        "process-nextick-args": "~2.0.0",
        "safe-buffer": "~5.1.1",
        "string_decoder": "~1.1.1",
        "util-deprecate": "~1.0.1"
      },
      "dependencies": {
        "safe-buffer": {
          "version": "5.1.2",
          "resolved": "https://registry.npmjs.org/safe-buffer/-/safe-buffer-5.1.2.tgz",
          "integrity": "sha512-Gd2UZBJDkXlY7GbJxfsE8/nvKkUEU1G38c1siN6QP6a9PT9MmHB8GnpscSmMJSoF8LOIrt8ud/wPtojys4G6+g==",
          "dev": true
        }
      }
    },
    "readdirp": {
      "version": "3.5.0",
      "resolved": "https://registry.npmjs.org/readdirp/-/readdirp-3.5.0.tgz",
      "integrity": "sha512-cMhu7c/8rdhkHXWsY+osBhfSy0JikwpHK/5+imo+LpeasTF8ouErHrlYkwT0++njiyuDvc7OFY5T3ukvZ8qmFQ==",
      "dev": true,
      "requires": {
        "picomatch": "^2.2.1"
      }
    },
    "resolve": {
      "version": "1.20.0",
      "resolved": "https://registry.npmjs.org/resolve/-/resolve-1.20.0.tgz",
      "integrity": "sha512-wENBPt4ySzg4ybFQW2TT1zMQucPK95HSh/nq2CFTZVOGut2+pQvSsgtda4d26YrYcr067wjbmzOG8byDPBX63A==",
      "dev": true,
      "requires": {
        "is-core-module": "^2.2.0",
        "path-parse": "^1.0.6"
      }
    },
    "rollup": {
      "version": "2.41.2",
      "resolved": "https://registry.npmjs.org/rollup/-/rollup-2.41.2.tgz",
      "integrity": "sha512-6u8fJJXJx6fmvKrAC9DHYZgONvSkz8S9b/VFBjoQ6dkKdHyPpPbpqiNl2Bao9XBzDHpq672X6sGZ9G1ZBqAHMg==",
      "dev": true,
      "requires": {
        "fsevents": "~2.3.1"
      }
    },
    "rollup-plugin-glslify": {
      "version": "1.2.0",
      "resolved": "https://registry.npmjs.org/rollup-plugin-glslify/-/rollup-plugin-glslify-1.2.0.tgz",
      "integrity": "sha512-EqUFINMICD9U3MJ4jsxBcCRhzWNZJBWyAK2ol+2ClWIPaIWOuz0OY/Ml8rdT81F4aufwxJN5I9N7QvCth0OrUQ==",
      "dev": true,
      "requires": {
        "glslify": "^7.0.0",
        "rollup-pluginutils": "^2.8.2"
      }
    },
    "rollup-pluginutils": {
      "version": "2.8.2",
      "resolved": "https://registry.npmjs.org/rollup-pluginutils/-/rollup-pluginutils-2.8.2.tgz",
      "integrity": "sha512-EEp9NhnUkwY8aif6bxgovPHMoMoNr2FulJziTndpt5H9RdwC47GSGuII9XxpSdzVGM0GWrNPHV6ie1LTNJPaLQ==",
      "dev": true,
      "requires": {
        "estree-walker": "^0.6.1"
      }
    },
    "safe-buffer": {
      "version": "5.2.1",
      "resolved": "https://registry.npmjs.org/safe-buffer/-/safe-buffer-5.2.1.tgz",
      "integrity": "sha512-rp3So07KcdmmKbGvgaNxQSJr7bGVSVk5S9Eq1F+ppbRo70+YeaDxkw5Dd8NPN+GD6bjnYm2VuPuCXmpuYvmCXQ==",
      "dev": true
    },
    "sass": {
      "version": "1.32.8",
      "resolved": "https://registry.npmjs.org/sass/-/sass-1.32.8.tgz",
      "integrity": "sha512-Sl6mIeGpzjIUZqvKnKETfMf0iDAswD9TNlv13A7aAF3XZlRPMq4VvJWBC2N2DXbp94MQVdNSFG6LfF/iOXrPHQ==",
      "dev": true,
      "requires": {
        "chokidar": ">=2.0.0 <4.0.0"
      }
    },
    "shallow-copy": {
      "version": "0.0.1",
      "resolved": "https://registry.npmjs.org/shallow-copy/-/shallow-copy-0.0.1.tgz",
      "integrity": "sha1-QV9CcC1z2BAzApLMXuhurhoRoXA=",
      "dev": true
    },
    "source-map": {
      "version": "0.6.1",
      "resolved": "https://registry.npmjs.org/source-map/-/source-map-0.6.1.tgz",
      "integrity": "sha512-UjgapumWlbMhkBgzT7Ykc5YXUT46F0iKu8SGXq0bcwP5dz/h0Plj6enJqjz1Zbq2l5WaqYnrVbwWOWMyF3F47g=="
    },
    "sourcemap-codec": {
      "version": "1.4.8",
      "resolved": "https://registry.npmjs.org/sourcemap-codec/-/sourcemap-codec-1.4.8.tgz",
      "integrity": "sha512-9NykojV5Uih4lgo5So5dtw+f0JgJX30KCNI8gwhz2J9A15wD0Ml6tjHKwf6fTSa6fAdVBdZeNOs9eJ71qCk8vA==",
      "dev": true
    },
    "stack-trace": {
      "version": "0.0.9",
      "resolved": "https://registry.npmjs.org/stack-trace/-/stack-trace-0.0.9.tgz",
      "integrity": "sha1-qPbq7KkGdMMz58Q5U/J1tFFRBpU=",
      "dev": true
    },
    "static-eval": {
      "version": "2.1.0",
      "resolved": "https://registry.npmjs.org/static-eval/-/static-eval-2.1.0.tgz",
      "integrity": "sha512-agtxZ/kWSsCkI5E4QifRwsaPs0P0JmZV6dkLz6ILYfFYQGn+5plctanRN+IC8dJRiFkyXHrwEE3W9Wmx67uDbw==",
      "dev": true,
      "requires": {
        "escodegen": "^1.11.1"
      }
    },
    "stream-shift": {
      "version": "1.0.1",
      "resolved": "https://registry.npmjs.org/stream-shift/-/stream-shift-1.0.1.tgz",
      "integrity": "sha512-AiisoFqQ0vbGcZgQPY1cdP2I76glaVA/RauYR4G4thNFgkTqr90yXTo4LYX60Jl+sIlPNHHdGSwo01AvbKUSVQ==",
      "dev": true
    },
    "string-hash": {
      "version": "1.1.3",
      "resolved": "https://registry.npmjs.org/string-hash/-/string-hash-1.1.3.tgz",
      "integrity": "sha1-6Kr8CsGFW0Zmkp7X3RJ1311sgRs=",
      "dev": true
    },
    "string_decoder": {
      "version": "1.1.1",
      "resolved": "https://registry.npmjs.org/string_decoder/-/string_decoder-1.1.1.tgz",
      "integrity": "sha512-n/ShnvDi6FHbbVfviro+WojiFzv+s8MPMHBczVePfUpDJLwoLT0ht1l4YwBCbi8pJAveEEdnkHyPyTP/mzRfwg==",
      "dev": true,
      "requires": {
        "safe-buffer": "~5.1.0"
      },
      "dependencies": {
        "safe-buffer": {
          "version": "5.1.2",
          "resolved": "https://registry.npmjs.org/safe-buffer/-/safe-buffer-5.1.2.tgz",
          "integrity": "sha512-Gd2UZBJDkXlY7GbJxfsE8/nvKkUEU1G38c1siN6QP6a9PT9MmHB8GnpscSmMJSoF8LOIrt8ud/wPtojys4G6+g==",
          "dev": true
        }
      }
    },
    "three": {
      "version": "0.126.1",
      "resolved": "https://registry.npmjs.org/three/-/three-0.126.1.tgz",
      "integrity": "sha512-eOEXnZeE1FDV0XgL1u08auIP13jxdN9LQBAEmlErYzMxtIIfuGIAZbijOyookALUhqVzVOx0Tywj6n192VM+nQ=="
    },
    "through2": {
      "version": "2.0.5",
      "resolved": "https://registry.npmjs.org/through2/-/through2-2.0.5.tgz",
      "integrity": "sha512-/mrRod8xqpA+IHSLyGCQ2s8SPHiCDEeQJSep1jqLYeEUClOFG2Qsh+4FU6G9VeqpZnGW/Su8LQGc4YKni5rYSQ==",
      "dev": true,
      "requires": {
        "readable-stream": "~2.3.6",
        "xtend": "~4.0.1"
      }
    },
    "to-fast-properties": {
      "version": "2.0.0",
      "resolved": "https://registry.npmjs.org/to-fast-properties/-/to-fast-properties-2.0.0.tgz",
      "integrity": "sha1-3F5pjL0HkmW8c+A3doGk5Og/YW4="
    },
    "to-regex-range": {
      "version": "5.0.1",
      "resolved": "https://registry.npmjs.org/to-regex-range/-/to-regex-range-5.0.1.tgz",
      "integrity": "sha512-65P7iz6X5yEr1cwcgvQxbbIw7Uk3gOy5dIdtZ4rDveLqhrdJP+Li/Hx6tyK0NEb+2GCyneCMJiGqrADCSNk8sQ==",
      "dev": true,
      "requires": {
        "is-number": "^7.0.0"
      }
    },
    "troisjs": {
      "version": "0.1.16",
      "resolved": "https://registry.npmjs.org/troisjs/-/troisjs-0.1.16.tgz",
      "integrity": "sha512-+WULOtMpFYSgw70SH8oXcuuEiks/6W7EVDL5IX+gx1LYftI2niwQxsQcT68JHZ03r8ixsYAZ99LYlFq7TNqIPA=="
    },
    "type-check": {
      "version": "0.3.2",
      "resolved": "https://registry.npmjs.org/type-check/-/type-check-0.3.2.tgz",
      "integrity": "sha1-WITKtRLPHTVeP7eE8wgEsrUg23I=",
      "dev": true,
      "requires": {
        "prelude-ls": "~1.1.2"
      }
    },
    "typedarray": {
      "version": "0.0.6",
      "resolved": "https://registry.npmjs.org/typedarray/-/typedarray-0.0.6.tgz",
      "integrity": "sha1-hnrHTjhkGHsdPUfZlqeOxciDB3c=",
      "dev": true
    },
    "uniq": {
      "version": "1.0.1",
      "resolved": "https://registry.npmjs.org/uniq/-/uniq-1.0.1.tgz",
      "integrity": "sha1-sxxa6CVIRKOoKBVBzisEuGWnNP8=",
      "dev": true
    },
    "util-deprecate": {
      "version": "1.0.2",
      "resolved": "https://registry.npmjs.org/util-deprecate/-/util-deprecate-1.0.2.tgz",
      "integrity": "sha1-RQ1Nyfpw3nMnYvvS1KKJgUGaDM8=",
      "dev": true
    },
    "vite": {
      "version": "2.0.5",
      "resolved": "https://registry.npmjs.org/vite/-/vite-2.0.5.tgz",
      "integrity": "sha512-QTgEDbq1WsTtr6j+++ewjhBFEk6c8v0xz4fb/OWJQKNYU8ZZtphOshwOqAlnarSstPBtWCBR0tsugXx6ajfoUg==",
      "dev": true,
      "requires": {
        "esbuild": "^0.8.52",
        "fsevents": "~2.3.1",
        "postcss": "^8.2.1",
        "resolve": "^1.19.0",
        "rollup": "^2.38.5"
      }
    },
    "vue": {
      "version": "3.0.7",
      "resolved": "https://registry.npmjs.org/vue/-/vue-3.0.7.tgz",
      "integrity": "sha512-8h4TikD+JabbMK9aRlBO4laG0AtNHRPHynxYgWZ9sq1YUPfzynd9Jeeb27XNyZytC7aCQRX9xe1+TQJuc181Tw==",
      "requires": {
        "@vue/compiler-dom": "3.0.7",
        "@vue/runtime-dom": "3.0.7",
        "@vue/shared": "3.0.7"
      }
    },
    "word-wrap": {
      "version": "1.2.3",
      "resolved": "https://registry.npmjs.org/word-wrap/-/word-wrap-1.2.3.tgz",
      "integrity": "sha512-Hz/mrNwitNRh/HUAtM/VT/5VH+ygD6DV7mYKZAtHOrbs8U7lvPS6xf7EJKMF0uW1KJCl0H701g3ZGus+muE5vQ==",
      "dev": true
    },
    "wrappy": {
      "version": "1.0.2",
      "resolved": "https://registry.npmjs.org/wrappy/-/wrappy-1.0.2.tgz",
      "integrity": "sha1-tSQ9jz7BqjXxNkYFvA0QNuMKtp8=",
      "dev": true
    },
    "xtend": {
      "version": "4.0.2",
      "resolved": "https://registry.npmjs.org/xtend/-/xtend-4.0.2.tgz",
      "integrity": "sha512-LKYU1iAXJXUgAXn9URjiu+MWhyUXHsvfp7mcuYm9dSUKK0/CjtrUwFAxD82/mCWbtLsGjFIad0wIsod4zrTAEQ==",
      "dev": true
    },
    "yallist": {
      "version": "3.1.1",
      "resolved": "https://registry.npmjs.org/yallist/-/yallist-3.1.1.tgz",
      "integrity": "sha512-a4UGQaWPH59mOXUYnAG2ewncQS4i4F43Tv3JoAM+s2VDAmS9NsK8GpDMLrCHPksFT7h3K6TOoUNn2pb7RoXx4g==",
      "dev": true
    }
  }
}
